
Microsoft Visual Studio Solution File, Format Version 12.00
# Visual Studio Version 17
VisualStudioVersion = 17.11.35208.52
MinimumVisualStudioVersion = 10.0.40219.1
Project("{FAE04EC0-301F-11D3-BF4B-00C04F79EFBC}") = "lab26_starter", "lab26_starter.csproj", "{24EAA31B-9EAF-45B6-B89D-C448719F6A28}"
EndProject
Global
	GlobalSection(SolutionConfigurationPlatforms) = preSolution
		Debug|Any CPU = Debug|Any CPU
		Release|Any CPU = Release|Any CPU
	EndGlobalSection
	GlobalSection(ProjectConfigurationPlatforms) = postSolution
		{24EAA31B-9EAF-45B6-B89D-C448719F6A28}.Debug|Any CPU.ActiveCfg = Debug|Any CPU
		{24EAA31B-9EAF-45B6-B89D-C448719F6A28}.Debug|Any CPU.Build.0 = Debug|Any CPU
		{24EAA31B-9EAF-45B6-B89D-C448719F6A28}.Release|Any CPU.ActiveCfg = Release|Any CPU
		{24EAA31B-9EAF-45B6-B89D-C448719F6A28}.Release|Any CPU.Build.0 = Release|Any CPU
	EndGlobalSection
	GlobalSection(SolutionProperties) = preSolution
		HideSolutionNode = FALSE
	EndGlobalSection
	GlobalSection(ExtensibilityGlobals) = postSolution
		SolutionGuid = {7581A0C9-CF62-44C9-BB8C-FA34984AA2D4}
	EndGlobalSection
EndGlobal
